
Microsoft Visual Studio Solution File, Format Version 12.00
# Visual Studio Version 16
VisualStudioVersion = 16.0.30517.126
MinimumVisualStudioVersion = 10.0.40219.1
Project("{FAE04EC0-301F-11D3-BF4B-00C04F79EFBC}") = "asp.net project one", "asp.net project one\asp.net project one.csproj", "{8610BC97-7FC6-4810-9687-5519E4DD746D}"
EndProject
Global
	GlobalSection(SolutionConfigurationPlatforms) = preSolution
		Debug|Any CPU = Debug|Any CPU
		Release|Any CPU = Release|Any CPU
	EndGlobalSection
	GlobalSection(ProjectConfigurationPlatforms) = postSolution
		{8610BC97-7FC6-4810-9687-5519E4DD746D}.Debug|Any CPU.ActiveCfg = Debug|Any CPU
		{8610BC97-7FC6-4810-9687-5519E4DD746D}.Debug|Any CPU.Build.0 = Debug|Any CPU
		{8610BC97-7FC6-4810-9687-5519E4DD746D}.Release|Any CPU.ActiveCfg = Release|Any CPU
		{8610BC97-7FC6-4810-9687-5519E4DD746D}.Release|Any CPU.Build.0 = Release|Any CPU
	EndGlobalSection
	GlobalSection(SolutionProperties) = preSolution
		HideSolutionNode = FALSE
	EndGlobalSection
	GlobalSection(ExtensibilityGlobals) = postSolution
		SolutionGuid = {43BE61CA-307C-49DB-A8F7-ADDDFD5D7ACF}
	EndGlobalSection
EndGlobal
